
Microsoft Visual Studio Solution File, Format Version 12.00
# Visual Studio 15
VisualStudioVersion = 15.0.28010.2048
MinimumVisualStudioVersion = 10.0.40219.1
Project("{9A19103F-16F7-4668-BE54-9A1E7A4F7556}") = "Dapper.Common", "Dapper.Common\Dapper.Common.csproj", "{26B19CBC-786F-4AB0-B74D-EF767B3D295C}"
EndProject
Project("{FAE04EC0-301F-11D3-BF4B-00C04F79EFBC}") = "Dapper.Common.Example", "Dapper.Common.Example\Dapper.Common.Example.csproj", "{E2142795-EFD8-455B-A748-EBBB6781ABE4}"
EndProject
Project("{FAE04EC0-301F-11D3-BF4B-00C04F79EFBC}") = "UnitTestProject1", "UnitTestProject1\UnitTestProject1.csproj", "{454EF2F6-0231-4B10-832E-EE9400D4C90C}"
EndProject
Global
	GlobalSection(SolutionConfigurationPlatforms) = preSolution
		Debug|Any CPU = Debug|Any CPU
		Release|Any CPU = Release|Any CPU
	EndGlobalSection
	GlobalSection(ProjectConfigurationPlatforms) = postSolution
		{26B19CBC-786F-4AB0-B74D-EF767B3D295C}.Debug|Any CPU.ActiveCfg = Debug|Any CPU
		{26B19CBC-786F-4AB0-B74D-EF767B3D295C}.Debug|Any CPU.Build.0 = Debug|Any CPU
		{26B19CBC-786F-4AB0-B74D-EF767B3D295C}.Release|Any CPU.ActiveCfg = Release|Any CPU
		{26B19CBC-786F-4AB0-B74D-EF767B3D295C}.Release|Any CPU.Build.0 = Release|Any CPU
		{E2142795-EFD8-455B-A748-EBBB6781ABE4}.Debug|Any CPU.ActiveCfg = Debug|Any CPU
		{E2142795-EFD8-455B-A748-EBBB6781ABE4}.Debug|Any CPU.Build.0 = Debug|Any CPU
		{E2142795-EFD8-455B-A748-EBBB6781ABE4}.Release|Any CPU.ActiveCfg = Release|Any CPU
		{E2142795-EFD8-455B-A748-EBBB6781ABE4}.Release|Any CPU.Build.0 = Release|Any CPU
		{454EF2F6-0231-4B10-832E-EE9400D4C90C}.Debug|Any CPU.ActiveCfg = Debug|Any CPU
		{454EF2F6-0231-4B10-832E-EE9400D4C90C}.Debug|Any CPU.Build.0 = Debug|Any CPU
		{454EF2F6-0231-4B10-832E-EE9400D4C90C}.Release|Any CPU.ActiveCfg = Release|Any CPU
		{454EF2F6-0231-4B10-832E-EE9400D4C90C}.Release|Any CPU.Build.0 = Release|Any CPU
	EndGlobalSection
	GlobalSection(SolutionProperties) = preSolution
		HideSolutionNode = FALSE
	EndGlobalSection
	GlobalSection(ExtensibilityGlobals) = postSolution
		SolutionGuid = {CA4F5699-3F4A-4411-8993-743553718BF2}
	EndGlobalSection
EndGlobal
