
Microsoft Visual Studio Solution File, Format Version 12.00
# Visual Studio 15
VisualStudioVersion = 15.0.28307.539
MinimumVisualStudioVersion = 10.0.40219.1
Project("{9A19103F-16F7-4668-BE54-9A1E7A4F7556}") = "Dapper.Common", "Dapper.Common\Dapper.Common.csproj", "{417860BE-1A11-4006-AA03-724477368C53}"
EndProject
Project("{FAE04EC0-301F-11D3-BF4B-00C04F79EFBC}") = "Dapper.Common.Test", "Dapper.Common.Test\Dapper.Common.Test.csproj", "{C88E2676-0DA6-4C1F-81DF-D18AC21B430E}"
EndProject
Global
	GlobalSection(SolutionConfigurationPlatforms) = preSolution
		Debug|Any CPU = Debug|Any CPU
		Release|Any CPU = Release|Any CPU
	EndGlobalSection
	GlobalSection(ProjectConfigurationPlatforms) = postSolution
		{417860BE-1A11-4006-AA03-724477368C53}.Debug|Any CPU.ActiveCfg = Debug|Any CPU
		{417860BE-1A11-4006-AA03-724477368C53}.Debug|Any CPU.Build.0 = Debug|Any CPU
		{417860BE-1A11-4006-AA03-724477368C53}.Release|Any CPU.ActiveCfg = Release|Any CPU
		{417860BE-1A11-4006-AA03-724477368C53}.Release|Any CPU.Build.0 = Release|Any CPU
		{C88E2676-0DA6-4C1F-81DF-D18AC21B430E}.Debug|Any CPU.ActiveCfg = Debug|Any CPU
		{C88E2676-0DA6-4C1F-81DF-D18AC21B430E}.Debug|Any CPU.Build.0 = Debug|Any CPU
		{C88E2676-0DA6-4C1F-81DF-D18AC21B430E}.Release|Any CPU.ActiveCfg = Release|Any CPU
		{C88E2676-0DA6-4C1F-81DF-D18AC21B430E}.Release|Any CPU.Build.0 = Release|Any CPU
	EndGlobalSection
	GlobalSection(SolutionProperties) = preSolution
		HideSolutionNode = FALSE
	EndGlobalSection
	GlobalSection(ExtensibilityGlobals) = postSolution
		SolutionGuid = {FE1F87C0-89F5-4C1F-8CF0-CE2D67C256F4}
	EndGlobalSection
EndGlobal
