
Microsoft Visual Studio Solution File, Format Version 12.00
# Visual Studio Version 17
VisualStudioVersion = 17.6.33723.286
MinimumVisualStudioVersion = 10.0.40219.1
Project("{9A19103F-16F7-4668-BE54-9A1E7A4F7556}") = "Dapper.Linq", "Dapper.Linq\Dapper.Linq.csproj", "{4681FBF9-EE38-4AE2-B420-70B63FE7633C}"
EndProject
Global
	GlobalSection(SolutionConfigurationPlatforms) = preSolution
		Debug|Any CPU = Debug|Any CPU
		Release|Any CPU = Release|Any CPU
	EndGlobalSection
	GlobalSection(ProjectConfigurationPlatforms) = postSolution
		{4681FBF9-EE38-4AE2-B420-70B63FE7633C}.Debug|Any CPU.ActiveCfg = Debug|Any CPU
		{4681FBF9-EE38-4AE2-B420-70B63FE7633C}.Debug|Any CPU.Build.0 = Debug|Any CPU
		{4681FBF9-EE38-4AE2-B420-70B63FE7633C}.Release|Any CPU.ActiveCfg = Release|Any CPU
		{4681FBF9-EE38-4AE2-B420-70B63FE7633C}.Release|Any CPU.Build.0 = Release|Any CPU
	EndGlobalSection
	GlobalSection(SolutionProperties) = preSolution
		HideSolutionNode = FALSE
	EndGlobalSection
	GlobalSection(ExtensibilityGlobals) = postSolution
		SolutionGuid = {962DAB9E-D7FD-4DF8-AFD0-C4B4D920D04A}
	EndGlobalSection
EndGlobal
